// !$*UTF8*$!
{
	archiveVersion = 1;
	classes = {
	};
	objectVersion = 55;
	objects = {

/* Begin PBXBuildFile section */
		5E46CDBA2816D30C0003CCF6 /* NewLocationResponse.swift in Sources */ = {isa = PBXBuildFile; fileRef = 5E46CDB92816D30C0003CCF6 /* NewLocationResponse.swift */; };
		5E46CDBC2816F94E0003CCF6 /* NewLocationSubmittedViewController.swift in Sources */ = {isa = PBXBuildFile; fileRef = 5E46CDBB2816F94E0003CCF6 /* NewLocationSubmittedViewController.swift */; };
		5E719C7C2817F7E40038F1E5 /* TabViewController.swift in Sources */ = {isa = PBXBuildFile; fileRef = 5E719C7B2817F7E30038F1E5 /* TabViewController.swift */; };
		5E8F2B512812F1980046EFC8 /* TextFieldDelegate.swift in Sources */ = {isa = PBXBuildFile; fileRef = 5E8F2B502812F1980046EFC8 /* TextFieldDelegate.swift */; };
		5E95EC0A2812C92800A2C1F0 /* AppDelegate.swift in Sources */ = {isa = PBXBuildFile; fileRef = 5E95EC092812C92800A2C1F0 /* AppDelegate.swift */; };
		5E95EC0C2812C92800A2C1F0 /* SceneDelegate.swift in Sources */ = {isa = PBXBuildFile; fileRef = 5E95EC0B2812C92800A2C1F0 /* SceneDelegate.swift */; };
		5E95EC0E2812C92800A2C1F0 /* LoginViewController.swift in Sources */ = {isa = PBXBuildFile; fileRef = 5E95EC0D2812C92800A2C1F0 /* LoginViewController.swift */; };
		5E95EC112812C92800A2C1F0 /* Main.storyboard in Resources */ = {isa = PBXBuildFile; fileRef = 5E95EC0F2812C92800A2C1F0 /* Main.storyboard */; };
		5E95EC132812C92A00A2C1F0 /* Assets.xcassets in Resources */ = {isa = PBXBuildFile; fileRef = 5E95EC122812C92A00A2C1F0 /* Assets.xcassets */; };
		5E95EC162812C92A00A2C1F0 /* LaunchScreen.storyboard in Resources */ = {isa = PBXBuildFile; fileRef = 5E95EC142812C92A00A2C1F0 /* LaunchScreen.storyboard */; };
		5EADD1002813058C00C9C21A /* UdacityClient.swift in Sources */ = {isa = PBXBuildFile; fileRef = 5EADD0FF2813058B00C9C21A /* UdacityClient.swift */; };
		5EADD10328130D4B00C9C21A /* LoginRequest.swift in Sources */ = {isa = PBXBuildFile; fileRef = 5EADD10228130D4B00C9C21A /* LoginRequest.swift */; };
		5EADD1072813148100C9C21A /* SessionResponse.swift in Sources */ = {isa = PBXBuildFile; fileRef = 5EADD1062813148100C9C21A /* SessionResponse.swift */; };
		5EADD1092814762200C9C21A /* ListViewController.swift in Sources */ = {isa = PBXBuildFile; fileRef = 5EADD1082814762200C9C21A /* ListViewController.swift */; };
		5EB1E3372816A8B3004BDDD7 /* NewLocationViewController.swift in Sources */ = {isa = PBXBuildFile; fileRef = 5EB1E3362816A8B3004BDDD7 /* NewLocationViewController.swift */; };
		5EEF6B5728147B06000D263F /* MapViewController.swift in Sources */ = {isa = PBXBuildFile; fileRef = 5EEF6B5628147B06000D263F /* MapViewController.swift */; };
		5EEF6B5A281483D5000D263F /* StudentLocation.swift in Sources */ = {isa = PBXBuildFile; fileRef = 5EEF6B59281483D5000D263F /* StudentLocation.swift */; };
		5EEF6B5C28148BF6000D263F /* StudentsRepository.swift in Sources */ = {isa = PBXBuildFile; fileRef = 5EEF6B5B28148BF6000D263F /* StudentsRepository.swift */; };
		5EEF6B5E28149665000D263F /* StudentLocationResponse.swift in Sources */ = {isa = PBXBuildFile; fileRef = 5EEF6B5D28149665000D263F /* StudentLocationResponse.swift */; };
		5EEF6B6428169115000D263F /* User.swift in Sources */ = {isa = PBXBuildFile; fileRef = 5EEF6B6328169115000D263F /* User.swift */; };
/* End PBXBuildFile section */

/* Begin PBXFileReference section */
		5E46CDB92816D30C0003CCF6 /* NewLocationResponse.swift */ = {isa = PBXFileReference; lastKnownFileType = sourcecode.swift; path = NewLocationResponse.swift; sourceTree = "<group>"; };
		5E46CDBB2816F94E0003CCF6 /* NewLocationSubmittedViewController.swift */ = {isa = PBXFileReference; lastKnownFileType = sourcecode.swift; path = NewLocationSubmittedViewController.swift; sourceTree = "<group>"; };
		5E719C7B2817F7E30038F1E5 /* TabViewController.swift */ = {isa = PBXFileReference; lastKnownFileType = sourcecode.swift; path = TabViewController.swift; sourceTree = "<group>"; };
		5E8F2B502812F1980046EFC8 /* TextFieldDelegate.swift */ = {isa = PBXFileReference; lastKnownFileType = sourcecode.swift; path = TextFieldDelegate.swift; sourceTree = "<group>"; };
		5E95EC062812C92800A2C1F0 /* OnTheMap.app */ = {isa = PBXFileReference; explicitFileType = wrapper.application; includeInIndex = 0; path = OnTheMap.app; sourceTree = BUILT_PRODUCTS_DIR; };
		5E95EC092812C92800A2C1F0 /* AppDelegate.swift */ = {isa = PBXFileReference; lastKnownFileType = sourcecode.swift; path = AppDelegate.swift; sourceTree = "<group>"; };
		5E95EC0B2812C92800A2C1F0 /* SceneDelegate.swift */ = {isa = PBXFileReference; lastKnownFileType = sourcecode.swift; path = SceneDelegate.swift; sourceTree = "<group>"; };
		5E95EC0D2812C92800A2C1F0 /* LoginViewController.swift */ = {isa = PBXFileReference; lastKnownFileType = sourcecode.swift; path = LoginViewController.swift; sourceTree = "<group>"; };
		5E95EC102812C92800A2C1F0 /* Base */ = {isa = PBXFileReference; lastKnownFileType = file.storyboard; name = Base; path = Base.lproj/Main.storyboard; sourceTree = "<group>"; };
		5E95EC122812C92A00A2C1F0 /* Assets.xcassets */ = {isa = PBXFileReference; lastKnownFileType = folder.assetcatalog; path = Assets.xcassets; sourceTree = "<group>"; };
		5E95EC152812C92A00A2C1F0 /* Base */ = {isa = PBXFileReference; lastKnownFileType = file.storyboard; name = Base; path = Base.lproj/LaunchScreen.storyboard; sourceTree = "<group>"; };
		5E95EC172812C92A00A2C1F0 /* Info.plist */ = {isa = PBXFileReference; lastKnownFileType = text.plist.xml; path = Info.plist; sourceTree = "<group>"; };
		5EADD0FF2813058B00C9C21A /* UdacityClient.swift */ = {isa = PBXFileReference; lastKnownFileType = sourcecode.swift; path = UdacityClient.swift; sourceTree = "<group>"; };
		5EADD10228130D4B00C9C21A /* LoginRequest.swift */ = {isa = PBXFileReference; lastKnownFileType = sourcecode.swift; path = LoginRequest.swift; sourceTree = "<group>"; };
		5EADD1062813148100C9C21A /* SessionResponse.swift */ = {isa = PBXFileReference; lastKnownFileType = sourcecode.swift; path = SessionResponse.swift; sourceTree = "<group>"; };
		5EADD1082814762200C9C21A /* ListViewController.swift */ = {isa = PBXFileReference; lastKnownFileType = sourcecode.swift; path = ListViewController.swift; sourceTree = "<group>"; };
		5EB1E3362816A8B3004BDDD7 /* NewLocationViewController.swift */ = {isa = PBXFileReference; lastKnownFileType = sourcecode.swift; path = NewLocationViewController.swift; sourceTree = "<group>"; };
		5EEF6B5628147B06000D263F /* MapViewController.swift */ = {isa = PBXFileReference; lastKnownFileType = sourcecode.swift; path = MapViewController.swift; sourceTree = "<group>"; };
		5EEF6B59281483D5000D263F /* StudentLocation.swift */ = {isa = PBXFileReference; lastKnownFileType = sourcecode.swift; path = StudentLocation.swift; sourceTree = "<group>"; };
		5EEF6B5B28148BF6000D263F /* StudentsRepository.swift */ = {isa = PBXFileReference; lastKnownFileType = sourcecode.swift; path = StudentsRepository.swift; sourceTree = "<group>"; };
		5EEF6B5D28149665000D263F /* StudentLocationResponse.swift */ = {isa = PBXFileReference; lastKnownFileType = sourcecode.swift; path = StudentLocationResponse.swift; sourceTree = "<group>"; };
		5EEF6B6328169115000D263F /* User.swift */ = {isa = PBXFileReference; lastKnownFileType = sourcecode.swift; path = User.swift; sourceTree = "<group>"; };
/* End PBXFileReference section */

/* Begin PBXFrameworksBuildPhase section */
		5E95EC032812C92800A2C1F0 /* Frameworks */ = {
			isa = PBXFrameworksBuildPhase;
			buildActionMask = 2147483647;
			files = (
			);
			runOnlyForDeploymentPostprocessing = 0;
		};
/* End PBXFrameworksBuildPhase section */

/* Begin PBXGroup section */
		5E8F2B4D2812F0F20046EFC8 /* Delegates */ = {
			isa = PBXGroup;
			children = (
				5E8F2B502812F1980046EFC8 /* TextFieldDelegate.swift */,
			);
			path = Delegates;
			sourceTree = "<group>";
		};
		5E8F2B4E2812F1090046EFC8 /* Controller */ = {
			isa = PBXGroup;
			children = (
				5E95EC0D2812C92800A2C1F0 /* LoginViewController.swift */,
				5EF493F3281AB6D3006657D1 /* TabView */,
				5EF493F2281AB6A7006657D1 /* New Student Location */,
			);
			path = Controller;
			sourceTree = "<group>";
		};
		5E95EBFD2812C92800A2C1F0 = {
			isa = PBXGroup;
			children = (
				5E95EC082812C92800A2C1F0 /* OnTheMap */,
				5E95EC072812C92800A2C1F0 /* Products */,
			);
			sourceTree = "<group>";
		};
		5E95EC072812C92800A2C1F0 /* Products */ = {
			isa = PBXGroup;
			children = (
				5E95EC062812C92800A2C1F0 /* OnTheMap.app */,
			);
			name = Products;
			sourceTree = "<group>";
		};
		5E95EC082812C92800A2C1F0 /* OnTheMap */ = {
			isa = PBXGroup;
			children = (
				5E95EC092812C92800A2C1F0 /* AppDelegate.swift */,
				5E95EC0B2812C92800A2C1F0 /* SceneDelegate.swift */,
				5EADD0FD2813052C00C9C21A /* Service */,
				5E8F2B4E2812F1090046EFC8 /* Controller */,
				5EF493F1281AB688006657D1 /* Repository */,
				5EEF6B58281483C2000D263F /* Model */,
				5E8F2B4D2812F0F20046EFC8 /* Delegates */,
				5E95EC0F2812C92800A2C1F0 /* Main.storyboard */,
				5E95EC122812C92A00A2C1F0 /* Assets.xcassets */,
				5E95EC142812C92A00A2C1F0 /* LaunchScreen.storyboard */,
				5E95EC172812C92A00A2C1F0 /* Info.plist */,
			);
			path = OnTheMap;
			sourceTree = "<group>";
		};
		5EADD0FD2813052C00C9C21A /* Service */ = {
			isa = PBXGroup;
			children = (
				5EADD0FE2813054100C9C21A /* UdacityClient */,
				5EADD10428130D5000C9C21A /* Requests */,
				5EADD1052813141100C9C21A /* Responses */,
			);
			path = Service;
			sourceTree = "<group>";
		};
		5EADD0FE2813054100C9C21A /* UdacityClient */ = {
			isa = PBXGroup;
			children = (
				5EADD0FF2813058B00C9C21A /* UdacityClient.swift */,
			);
			path = UdacityClient;
			sourceTree = "<group>";
		};
		5EADD10428130D5000C9C21A /* Requests */ = {
			isa = PBXGroup;
			children = (
				5EADD10228130D4B00C9C21A /* LoginRequest.swift */,
			);
			path = Requests;
			sourceTree = "<group>";
		};
		5EADD1052813141100C9C21A /* Responses */ = {
			isa = PBXGroup;
			children = (
				5EADD1062813148100C9C21A /* SessionResponse.swift */,
				5E46CDB92816D30C0003CCF6 /* NewLocationResponse.swift */,
				5EEF6B5D28149665000D263F /* StudentLocationResponse.swift */,
			);
			path = Responses;
			sourceTree = "<group>";
		};
		5EEF6B58281483C2000D263F /* Model */ = {
			isa = PBXGroup;
			children = (
				5EEF6B6328169115000D263F /* User.swift */,
				5EEF6B59281483D5000D263F /* StudentLocation.swift */,
			);
			path = Model;
			sourceTree = "<group>";
		};
		5EF493F1281AB688006657D1 /* Repository */ = {
			isa = PBXGroup;
			children = (
				5EEF6B5B28148BF6000D263F /* StudentsRepository.swift */,
			);
			path = Repository;
			sourceTree = "<group>";
		};
		5EF493F2281AB6A7006657D1 /* New Student Location */ = {
			isa = PBXGroup;
			children = (
				5EB1E3362816A8B3004BDDD7 /* NewLocationViewController.swift */,
				5E46CDBB2816F94E0003CCF6 /* NewLocationSubmittedViewController.swift */,
			);
			path = "New Student Location";
			sourceTree = "<group>";
		};
		5EF493F3281AB6D3006657D1 /* TabView */ = {
			isa = PBXGroup;
			children = (
				5E719C7B2817F7E30038F1E5 /* TabViewController.swift */,
				5EEF6B5628147B06000D263F /* MapViewController.swift */,
				5EADD1082814762200C9C21A /* ListViewController.swift */,
			);
			path = TabView;
			sourceTree = "<group>";
		};
/* End PBXGroup section */

/* Begin PBXNativeTarget section */
		5E95EC052812C92800A2C1F0 /* OnTheMap */ = {
			isa = PBXNativeTarget;
			buildConfigurationList = 5E95EC1A2812C92A00A2C1F0 /* Build configuration list for PBXNativeTarget "OnTheMap" */;
			buildPhases = (
				5E95EC022812C92800A2C1F0 /* Sources */,
				5E95EC032812C92800A2C1F0 /* Frameworks */,
				5E95EC042812C92800A2C1F0 /* Resources */,
			);
			buildRules = (
			);
			dependencies = (
			);
			name = OnTheMap;
			productName = OnTheMap;
			productReference = 5E95EC062812C92800A2C1F0 /* OnTheMap.app */;
			productType = "com.apple.product-type.application";
		};
/* End PBXNativeTarget section */

/* Begin PBXProject section */
		5E95EBFE2812C92800A2C1F0 /* Project object */ = {
			isa = PBXProject;
			attributes = {
				BuildIndependentTargetsInParallel = 1;
				LastSwiftUpdateCheck = 1330;
				LastUpgradeCheck = 1330;
				TargetAttributes = {
					5E95EC052812C92800A2C1F0 = {
						CreatedOnToolsVersion = 13.3.1;
					};
				};
			};
			buildConfigurationList = 5E95EC012812C92800A2C1F0 /* Build configuration list for PBXProject "OnTheMap" */;
			compatibilityVersion = "Xcode 13.0";
			developmentRegion = en;
			hasScannedForEncodings = 0;
			knownRegions = (
				en,
				Base,
			);
			mainGroup = 5E95EBFD2812C92800A2C1F0;
			productRefGroup = 5E95EC072812C92800A2C1F0 /* Products */;
			projectDirPath = "";
			projectRoot = "";
			targets = (
				5E95EC052812C92800A2C1F0 /* OnTheMap */,
			);
		};
/* End PBXProject section */

/* Begin PBXResourcesBuildPhase section */
		5E95EC042812C92800A2C1F0 /* Resources */ = {
			isa = PBXResourcesBuildPhase;
			buildActionMask = 2147483647;
			files = (
				5E95EC162812C92A00A2C1F0 /* LaunchScreen.storyboard in Resources */,
				5E95EC132812C92A00A2C1F0 /* Assets.xcassets in Resources */,
				5E95EC112812C92800A2C1F0 /* Main.storyboard in Resources */,
			);
			runOnlyForDeploymentPostprocessing = 0;
		};
/* End PBXResourcesBuildPhase section */

/* Begin PBXSourcesBuildPhase section */
		5E95EC022812C92800A2C1F0 /* Sources */ = {
			isa = PBXSourcesBuildPhase;
			buildActionMask = 2147483647;
			files = (
				5EADD1002813058C00C9C21A /* UdacityClient.swift in Sources */,
				5E95EC0E2812C92800A2C1F0 /* LoginViewController.swift in Sources */,
				5E95EC0A2812C92800A2C1F0 /* AppDelegate.swift in Sources */,
				5EADD1072813148100C9C21A /* SessionResponse.swift in Sources */,
				5EEF6B5728147B06000D263F /* MapViewController.swift in Sources */,
				5E46CDBA2816D30C0003CCF6 /* NewLocationResponse.swift in Sources */,
				5EEF6B5C28148BF6000D263F /* StudentsRepository.swift in Sources */,
				5EADD10328130D4B00C9C21A /* LoginRequest.swift in Sources */,
				5EEF6B6428169115000D263F /* User.swift in Sources */,
				5EEF6B5E28149665000D263F /* StudentLocationResponse.swift in Sources */,
				5E46CDBC2816F94E0003CCF6 /* NewLocationSubmittedViewController.swift in Sources */,
				5E8F2B512812F1980046EFC8 /* TextFieldDelegate.swift in Sources */,
				5E719C7C2817F7E40038F1E5 /* TabViewController.swift in Sources */,
				5EADD1092814762200C9C21A /* ListViewController.swift in Sources */,
				5EB1E3372816A8B3004BDDD7 /* NewLocationViewController.swift in Sources */,
				5EEF6B5A281483D5000D263F /* StudentLocation.swift in Sources */,
				5E95EC0C2812C92800A2C1F0 /* SceneDelegate.swift in Sources */,
			);
			runOnlyForDeploymentPostprocessing = 0;
		};
/* End PBXSourcesBuildPhase section */

/* Begin PBXVariantGroup section */
		5E95EC0F2812C92800A2C1F0 /* Main.storyboard */ = {
			isa = PBXVariantGroup;
			children = (
				5E95EC102812C92800A2C1F0 /* Base */,
			);
			name = Main.storyboard;
			sourceTree = "<group>";
		};
		5E95EC142812C92A00A2C1F0 /* LaunchScreen.storyboard */ = {
			isa = PBXVariantGroup;
			children = (
				5E95EC152812C92A00A2C1F0 /* Base */,
			);
			name = LaunchScreen.storyboard;
			sourceTree = "<group>";
		};
/* End PBXVariantGroup section */

/* Begin XCBuildConfiguration section */
		5E95EC182812C92A00A2C1F0 /* Debug */ = {
			isa = XCBuildConfiguration;
			buildSettings = {
				ALWAYS_SEARCH_USER_PATHS = NO;
				CLANG_ANALYZER_NONNULL = YES;
				CLANG_ANALYZER_NUMBER_OBJECT_CONVERSION = YES_AGGRESSIVE;
				CLANG_CXX_LANGUAGE_STANDARD = "gnu++17";
				CLANG_ENABLE_MODULES = YES;
				CLANG_ENABLE_OBJC_ARC = YES;
				CLANG_ENABLE_OBJC_WEAK = YES;
				CLANG_WARN_BLOCK_CAPTURE_AUTORELEASING = YES;
				CLANG_WARN_BOOL_CONVERSION = YES;
				CLANG_WARN_COMMA = YES;
				CLANG_WARN_CONSTANT_CONVERSION = YES;
				CLANG_WARN_DEPRECATED_OBJC_IMPLEMENTATIONS = YES;
				CLANG_WARN_DIRECT_OBJC_ISA_USAGE = YES_ERROR;
				CLANG_WARN_DOCUMENTATION_COMMENTS = YES;
				CLANG_WARN_EMPTY_BODY = YES;
				CLANG_WARN_ENUM_CONVERSION = YES;
				CLANG_WARN_INFINITE_RECURSION = YES;
				CLANG_WARN_INT_CONVERSION = YES;
				CLANG_WARN_NON_LITERAL_NULL_CONVERSION = YES;
				CLANG_WARN_OBJC_IMPLICIT_RETAIN_SELF = YES;
				CLANG_WARN_OBJC_LITERAL_CONVERSION = YES;
				CLANG_WARN_OBJC_ROOT_CLASS = YES_ERROR;
				CLANG_WARN_QUOTED_INCLUDE_IN_FRAMEWORK_HEADER = YES;
				CLANG_WARN_RANGE_LOOP_ANALYSIS = YES;
				CLANG_WARN_STRICT_PROTOTYPES = YES;
				CLANG_WARN_SUSPICIOUS_MOVE = YES;
				CLANG_WARN_UNGUARDED_AVAILABILITY = YES_AGGRESSIVE;
				CLANG_WARN_UNREACHABLE_CODE = YES;
				CLANG_WARN__DUPLICATE_METHOD_MATCH = YES;
				COPY_PHASE_STRIP = NO;
				DEBUG_INFORMATION_FORMAT = dwarf;
				ENABLE_STRICT_OBJC_MSGSEND = YES;
				ENABLE_TESTABILITY = YES;
				GCC_C_LANGUAGE_STANDARD = gnu11;
				GCC_DYNAMIC_NO_PIC = NO;
				GCC_NO_COMMON_BLOCKS = YES;
				GCC_OPTIMIZATION_LEVEL = 0;
				GCC_PREPROCESSOR_DEFINITIONS = (
					"DEBUG=1",
					"$(inherited)",
				);
				GCC_WARN_64_TO_32_BIT_CONVERSION = YES;
				GCC_WARN_ABOUT_RETURN_TYPE = YES_ERROR;
				GCC_WARN_UNDECLARED_SELECTOR = YES;
				GCC_WARN_UNINITIALIZED_AUTOS = YES_AGGRESSIVE;
				GCC_WARN_UNUSED_FUNCTION = YES;
				GCC_WARN_UNUSED_VARIABLE = YES;
				IPHONEOS_DEPLOYMENT_TARGET = 15.4;
				MTL_ENABLE_DEBUG_INFO = INCLUDE_SOURCE;
				MTL_FAST_MATH = YES;
				ONLY_ACTIVE_ARCH = YES;
				SDKROOT = iphoneos;
				SWIFT_ACTIVE_COMPILATION_CONDITIONS = DEBUG;
				SWIFT_OPTIMIZATION_LEVEL = "-Onone";
			};
			name = Debug;
		};
		5E95EC192812C92A00A2C1F0 /* Release */ = {
			isa = XCBuildConfiguration;
			buildSettings = {
				ALWAYS_SEARCH_USER_PATHS = NO;
				CLANG_ANALYZER_NONNULL = YES;
				CLANG_ANALYZER_NUMBER_OBJECT_CONVERSION = YES_AGGRESSIVE;
				CLANG_CXX_LANGUAGE_STANDARD = "gnu++17";
				CLANG_ENABLE_MODULES = YES;
				CLANG_ENABLE_OBJC_ARC = YES;
				CLANG_ENABLE_OBJC_WEAK = YES;
				CLANG_WARN_BLOCK_CAPTURE_AUTORELEASING = YES;
				CLANG_WARN_BOOL_CONVERSION = YES;
				CLANG_WARN_COMMA = YES;
				CLANG_WARN_CONSTANT_CONVERSION = YES;
				CLANG_WARN_DEPRECATED_OBJC_IMPLEMENTATIONS = YES;
				CLANG_WARN_DIRECT_OBJC_ISA_USAGE = YES_ERROR;
				CLANG_WARN_DOCUMENTATION_COMMENTS = YES;
				CLANG_WARN_EMPTY_BODY = YES;
				CLANG_WARN_ENUM_CONVERSION = YES;
				CLANG_WARN_INFINITE_RECURSION = YES;
				CLANG_WARN_INT_CONVERSION = YES;
				CLANG_WARN_NON_LITERAL_NULL_CONVERSION = YES;
				CLANG_WARN_OBJC_IMPLICIT_RETAIN_SELF = YES;
				CLANG_WARN_OBJC_LITERAL_CONVERSION = YES;
				CLANG_WARN_OBJC_ROOT_CLASS = YES_ERROR;
				CLANG_WARN_QUOTED_INCLUDE_IN_FRAMEWORK_HEADER = YES;
				CLANG_WARN_RANGE_LOOP_ANALYSIS = YES;
				CLANG_WARN_STRICT_PROTOTYPES = YES;
				CLANG_WARN_SUSPICIOUS_MOVE = YES;
				CLANG_WARN_UNGUARDED_AVAILABILITY = YES_AGGRESSIVE;
				CLANG_WARN_UNREACHABLE_CODE = YES;
				CLANG_WARN__DUPLICATE_METHOD_MATCH = YES;
				COPY_PHASE_STRIP = NO;
				DEBUG_INFORMATION_FORMAT = "dwarf-with-dsym";
				ENABLE_NS_ASSERTIONS = NO;
				ENABLE_STRICT_OBJC_MSGSEND = YES;
				GCC_C_LANGUAGE_STANDARD = gnu11;
				GCC_NO_COMMON_BLOCKS = YES;
				GCC_WARN_64_TO_32_BIT_CONVERSION = YES;
				GCC_WARN_ABOUT_RETURN_TYPE = YES_ERROR;
				GCC_WARN_UNDECLARED_SELECTOR = YES;
				GCC_WARN_UNINITIALIZED_AUTOS = YES_AGGRESSIVE;
				GCC_WARN_UNUSED_FUNCTION = YES;
				GCC_WARN_UNUSED_VARIABLE = YES;
				IPHONEOS_DEPLOYMENT_TARGET = 15.4;
				MTL_ENABLE_DEBUG_INFO = NO;
				MTL_FAST_MATH = YES;
				SDKROOT = iphoneos;
				SWIFT_COMPILATION_MODE = wholemodule;
				SWIFT_OPTIMIZATION_LEVEL = "-O";
				VALIDATE_PRODUCT = YES;
			};
			name = Release;
		};
		5E95EC1B2812C92A00A2C1F0 /* Debug */ = {
			isa = XCBuildConfiguration;
			buildSettings = {
				ASSETCATALOG_COMPILER_APPICON_NAME = AppIcon;
				ASSETCATALOG_COMPILER_GLOBAL_ACCENT_COLOR_NAME = AccentColor;
				CODE_SIGN_STYLE = Automatic;
				CURRENT_PROJECT_VERSION = 1;
				DEVELOPMENT_TEAM = 6GU6D4AYLD;
				GENERATE_INFOPLIST_FILE = YES;
				INFOPLIST_FILE = OnTheMap/Info.plist;
				INFOPLIST_KEY_UIApplicationSupportsIndirectInputEvents = YES;
				INFOPLIST_KEY_UILaunchStoryboardName = LaunchScreen;
				INFOPLIST_KEY_UIMainStoryboardFile = Main;
				INFOPLIST_KEY_UISupportedInterfaceOrientations_iPad = "UIInterfaceOrientationPortrait UIInterfaceOrientationPortraitUpsideDown UIInterfaceOrientationLandscapeLeft UIInterfaceOrientationLandscapeRight";
				INFOPLIST_KEY_UISupportedInterfaceOrientations_iPhone = "UIInterfaceOrientationPortrait UIInterfaceOrientationLandscapeLeft UIInterfaceOrientationLandscapeRight";
				LD_RUNPATH_SEARCH_PATHS = (
					"$(inherited)",
					"@executable_path/Frameworks",
				);
				MARKETING_VERSION = 1.0;
				PRODUCT_BUNDLE_IDENTIFIER = bbencardino.OnTheMap;
				PRODUCT_NAME = "$(TARGET_NAME)";
				SWIFT_EMIT_LOC_STRINGS = YES;
				SWIFT_VERSION = 5.0;
				TARGETED_DEVICE_FAMILY = "1,2";
			};
			name = Debug;
		};
		5E95EC1C2812C92A00A2C1F0 /* Release */ = {
			isa = XCBuildConfiguration;
			buildSettings = {
				ASSETCATALOG_COMPILER_APPICON_NAME = AppIcon;
				ASSETCATALOG_COMPILER_GLOBAL_ACCENT_COLOR_NAME = AccentColor;
				CODE_SIGN_STYLE = Automatic;
				CURRENT_PROJECT_VERSION = 1;
				DEVELOPMENT_TEAM = 6GU6D4AYLD;
				GENERATE_INFOPLIST_FILE = YES;
				INFOPLIST_FILE = OnTheMap/Info.plist;
				INFOPLIST_KEY_UIApplicationSupportsIndirectInputEvents = YES;
				INFOPLIST_KEY_UILaunchStoryboardName = LaunchScreen;
				INFOPLIST_KEY_UIMainStoryboardFile = Main;
				INFOPLIST_KEY_UISupportedInterfaceOrientations_iPad = "UIInterfaceOrientationPortrait UIInterfaceOrientationPortraitUpsideDown UIInterfaceOrientationLandscapeLeft UIInterfaceOrientationLandscapeRight";
				INFOPLIST_KEY_UISupportedInterfaceOrientations_iPhone = "UIInterfaceOrientationPortrait UIInterfaceOrientationLandscapeLeft UIInterfaceOrientationLandscapeRight";
				LD_RUNPATH_SEARCH_PATHS = (
					"$(inherited)",
					"@executable_path/Frameworks",
				);
				MARKETING_VERSION = 1.0;
				PRODUCT_BUNDLE_IDENTIFIER = bbencardino.OnTheMap;
				PRODUCT_NAME = "$(TARGET_NAME)";
				SWIFT_EMIT_LOC_STRINGS = YES;
				SWIFT_VERSION = 5.0;
				TARGETED_DEVICE_FAMILY = "1,2";
			};
			name = Release;
		};
/* End XCBuildConfiguration section */

/* Begin XCConfigurationList section */
		5E95EC012812C92800A2C1F0 /* Build configuration list for PBXProject "OnTheMap" */ = {
			isa = XCConfigurationList;
			buildConfigurations = (
				5E95EC182812C92A00A2C1F0 /* Debug */,
				5E95EC192812C92A00A2C1F0 /* Release */,
			);
			defaultConfigurationIsVisible = 0;
			defaultConfigurationName = Release;
		};
		5E95EC1A2812C92A00A2C1F0 /* Build configuration list for PBXNativeTarget "OnTheMap" */ = {
			isa = XCConfigurationList;
			buildConfigurations = (
				5E95EC1B2812C92A00A2C1F0 /* Debug */,
				5E95EC1C2812C92A00A2C1F0 /* Release */,
			);
			defaultConfigurationIsVisible = 0;
			defaultConfigurationName = Release;
		};
/* End XCConfigurationList section */
	};
	rootObject = 5E95EBFE2812C92800A2C1F0 /* Project object */;
}
